// !$*UTF8*$!
{
	archiveVersion = 1;
	classes = {
	};
	objectVersion = 56;
	objects = {

/* Begin PBXBuildFile section */
		04391AF12C640F48005A07D4 /* HomeViewModel.swift in Sources */ = {isa = PBXBuildFile; fileRef = 04391AF02C640F48005A07D4 /* HomeViewModel.swift */; };
		04391AF42C6479A6005A07D4 /* CoinDataService.swift in Sources */ = {isa = PBXBuildFile; fileRef = 04391AF32C6479A6005A07D4 /* CoinDataService.swift */; };
		04391AF72C649940005A07D4 /* NetworkManager.swift in Sources */ = {isa = PBXBuildFile; fileRef = 04391AF62C649940005A07D4 /* NetworkManager.swift */; };
		04391AFA2C64DE2A005A07D4 /* CoinImageView.swift in Sources */ = {isa = PBXBuildFile; fileRef = 04391AF92C64DE2A005A07D4 /* CoinImageView.swift */; };
		04391AFC2C64DF0E005A07D4 /* CoinImageService.swift in Sources */ = {isa = PBXBuildFile; fileRef = 04391AFB2C64DF0E005A07D4 /* CoinImageService.swift */; };
		04391AFE2C64E0E7005A07D4 /* CoinImageViewModel.swift in Sources */ = {isa = PBXBuildFile; fileRef = 04391AFD2C64E0E7005A07D4 /* CoinImageViewModel.swift */; };
		04391B002C64E94E005A07D4 /* LocalFileManager.swift in Sources */ = {isa = PBXBuildFile; fileRef = 04391AFF2C64E94E005A07D4 /* LocalFileManager.swift */; };
		04FFEE072C624F080072229E /* Crypto_infoApp.swift in Sources */ = {isa = PBXBuildFile; fileRef = 04FFEE062C624F080072229E /* Crypto_infoApp.swift */; };
		04FFEE092C624F080072229E /* ContentView.swift in Sources */ = {isa = PBXBuildFile; fileRef = 04FFEE082C624F080072229E /* ContentView.swift */; };
		04FFEE0E2C624F0C0072229E /* Preview Assets.xcassets in Resources */ = {isa = PBXBuildFile; fileRef = 04FFEE0D2C624F0C0072229E /* Preview Assets.xcassets */; };
		04FFEE152C62513B0072229E /* Assets.xcassets in Resources */ = {isa = PBXBuildFile; fileRef = 04FFEE142C62513A0072229E /* Assets.xcassets */; };
		04FFEE182C62F86A0072229E /* Color_ext.swift in Sources */ = {isa = PBXBuildFile; fileRef = 04FFEE172C62F86A0072229E /* Color_ext.swift */; };
		04FFEE1E2C62FEEE0072229E /* HomeView.swift in Sources */ = {isa = PBXBuildFile; fileRef = 04FFEE1D2C62FEEE0072229E /* HomeView.swift */; };
		04FFEE222C6300F20072229E /* CircleBtnView.swift in Sources */ = {isa = PBXBuildFile; fileRef = 04FFEE212C6300F20072229E /* CircleBtnView.swift */; };
		04FFEE242C6307040072229E /* CircleBtnAnimationView.swift in Sources */ = {isa = PBXBuildFile; fileRef = 04FFEE232C6307040072229E /* CircleBtnAnimationView.swift */; };
		04FFEE272C6309260072229E /* CoinModel.swift in Sources */ = {isa = PBXBuildFile; fileRef = 04FFEE262C6309260072229E /* CoinModel.swift */; };
		04FFEE292C6316190072229E /* CoinRowView.swift in Sources */ = {isa = PBXBuildFile; fileRef = 04FFEE282C6316190072229E /* CoinRowView.swift */; };
		04FFEE2B2C6316530072229E /* PreviewProvider.swift in Sources */ = {isa = PBXBuildFile; fileRef = 04FFEE2A2C6316530072229E /* PreviewProvider.swift */; };
		04FFEE2D2C631A6D0072229E /* Double.swift in Sources */ = {isa = PBXBuildFile; fileRef = 04FFEE2C2C631A6D0072229E /* Double.swift */; };
/* End PBXBuildFile section */

/* Begin PBXFileReference section */
		04391AF02C640F48005A07D4 /* HomeViewModel.swift */ = {isa = PBXFileReference; lastKnownFileType = sourcecode.swift; path = HomeViewModel.swift; sourceTree = "<group>"; };
		04391AF32C6479A6005A07D4 /* CoinDataService.swift */ = {isa = PBXFileReference; lastKnownFileType = sourcecode.swift; path = CoinDataService.swift; sourceTree = "<group>"; };
		04391AF62C649940005A07D4 /* NetworkManager.swift */ = {isa = PBXFileReference; lastKnownFileType = sourcecode.swift; path = NetworkManager.swift; sourceTree = "<group>"; };
		04391AF92C64DE2A005A07D4 /* CoinImageView.swift */ = {isa = PBXFileReference; lastKnownFileType = sourcecode.swift; path = CoinImageView.swift; sourceTree = "<group>"; };
		04391AFB2C64DF0E005A07D4 /* CoinImageService.swift */ = {isa = PBXFileReference; lastKnownFileType = sourcecode.swift; path = CoinImageService.swift; sourceTree = "<group>"; };
		04391AFD2C64E0E7005A07D4 /* CoinImageViewModel.swift */ = {isa = PBXFileReference; lastKnownFileType = sourcecode.swift; path = CoinImageViewModel.swift; sourceTree = "<group>"; };
		04391AFF2C64E94E005A07D4 /* LocalFileManager.swift */ = {isa = PBXFileReference; lastKnownFileType = sourcecode.swift; path = LocalFileManager.swift; sourceTree = "<group>"; };
		04FFEE032C624F080072229E /* Crypto_info.app */ = {isa = PBXFileReference; explicitFileType = wrapper.application; includeInIndex = 0; path = Crypto_info.app; sourceTree = BUILT_PRODUCTS_DIR; };
		04FFEE062C624F080072229E /* Crypto_infoApp.swift */ = {isa = PBXFileReference; lastKnownFileType = sourcecode.swift; path = Crypto_infoApp.swift; sourceTree = "<group>"; };
		04FFEE082C624F080072229E /* ContentView.swift */ = {isa = PBXFileReference; lastKnownFileType = sourcecode.swift; path = ContentView.swift; sourceTree = "<group>"; };
		04FFEE0D2C624F0C0072229E /* Preview Assets.xcassets */ = {isa = PBXFileReference; lastKnownFileType = folder.assetcatalog; path = "Preview Assets.xcassets"; sourceTree = "<group>"; };
		04FFEE142C62513A0072229E /* Assets.xcassets */ = {isa = PBXFileReference; lastKnownFileType = folder.assetcatalog; name = Assets.xcassets; path = "../../../../Tutorials/Swift/7. Swiftful Project - Crypto App/Resources/Assets.xcassets"; sourceTree = "<group>"; };
		04FFEE172C62F86A0072229E /* Color_ext.swift */ = {isa = PBXFileReference; lastKnownFileType = sourcecode.swift; path = Color_ext.swift; sourceTree = "<group>"; };
		04FFEE1D2C62FEEE0072229E /* HomeView.swift */ = {isa = PBXFileReference; lastKnownFileType = sourcecode.swift; path = HomeView.swift; sourceTree = "<group>"; };
		04FFEE212C6300F20072229E /* CircleBtnView.swift */ = {isa = PBXFileReference; lastKnownFileType = sourcecode.swift; path = CircleBtnView.swift; sourceTree = "<group>"; };
		04FFEE232C6307040072229E /* CircleBtnAnimationView.swift */ = {isa = PBXFileReference; lastKnownFileType = sourcecode.swift; path = CircleBtnAnimationView.swift; sourceTree = "<group>"; };
		04FFEE262C6309260072229E /* CoinModel.swift */ = {isa = PBXFileReference; lastKnownFileType = sourcecode.swift; path = CoinModel.swift; sourceTree = "<group>"; };
		04FFEE282C6316190072229E /* CoinRowView.swift */ = {isa = PBXFileReference; lastKnownFileType = sourcecode.swift; path = CoinRowView.swift; sourceTree = "<group>"; };
		04FFEE2A2C6316530072229E /* PreviewProvider.swift */ = {isa = PBXFileReference; lastKnownFileType = sourcecode.swift; path = PreviewProvider.swift; sourceTree = "<group>"; };
		04FFEE2C2C631A6D0072229E /* Double.swift */ = {isa = PBXFileReference; lastKnownFileType = sourcecode.swift; path = Double.swift; sourceTree = "<group>"; };
/* End PBXFileReference section */

/* Begin PBXFrameworksBuildPhase section */
		04FFEE002C624F080072229E /* Frameworks */ = {
			isa = PBXFrameworksBuildPhase;
			buildActionMask = 2147483647;
			files = (
			);
			runOnlyForDeploymentPostprocessing = 0;
		};
/* End PBXFrameworksBuildPhase section */

/* Begin PBXGroup section */
		04391AF22C647993005A07D4 /* Services */ = {
			isa = PBXGroup;
			children = (
				04391AF32C6479A6005A07D4 /* CoinDataService.swift */,
				04391AFB2C64DF0E005A07D4 /* CoinImageService.swift */,
			);
			path = Services;
			sourceTree = "<group>";
		};
		04391AF52C64991F005A07D4 /* Utilities */ = {
			isa = PBXGroup;
			children = (
				04391AF62C649940005A07D4 /* NetworkManager.swift */,
				04391AFF2C64E94E005A07D4 /* LocalFileManager.swift */,
			);
			path = Utilities;
			sourceTree = "<group>";
		};
		04391AF82C64DE19005A07D4 /* CoinImage */ = {
			isa = PBXGroup;
			children = (
				04391AF92C64DE2A005A07D4 /* CoinImageView.swift */,
				04391AFD2C64E0E7005A07D4 /* CoinImageViewModel.swift */,
			);
			path = CoinImage;
			sourceTree = "<group>";
		};
		04FFEDFA2C624F080072229E = {
			isa = PBXGroup;
			children = (
				04FFEE052C624F080072229E /* Crypto_info */,
				04FFEE042C624F080072229E /* Products */,
			);
			sourceTree = "<group>";
		};
		04FFEE042C624F080072229E /* Products */ = {
			isa = PBXGroup;
			children = (
				04FFEE032C624F080072229E /* Crypto_info.app */,
			);
			name = Products;
			sourceTree = "<group>";
		};
		04FFEE052C624F080072229E /* Crypto_info */ = {
			isa = PBXGroup;
			children = (
				04391AF52C64991F005A07D4 /* Utilities */,
				04391AF22C647993005A07D4 /* Services */,
				04FFEE192C62FEC70072229E /* Core */,
				04FFEE162C62F8550072229E /* Extensions */,
				04FFEE252C63090D0072229E /* Models */,
				04FFEE082C624F080072229E /* ContentView.swift */,
				04FFEE062C624F080072229E /* Crypto_infoApp.swift */,
				04FFEE142C62513A0072229E /* Assets.xcassets */,
				04FFEE0C2C624F0C0072229E /* Preview Content */,
			);
			path = Crypto_info;
			sourceTree = "<group>";
		};
		04FFEE0C2C624F0C0072229E /* Preview Content */ = {
			isa = PBXGroup;
			children = (
				04FFEE0D2C624F0C0072229E /* Preview Assets.xcassets */,
			);
			path = "Preview Content";
			sourceTree = "<group>";
		};
		04FFEE162C62F8550072229E /* Extensions */ = {
			isa = PBXGroup;
			children = (
				04FFEE172C62F86A0072229E /* Color_ext.swift */,
				04FFEE2A2C6316530072229E /* PreviewProvider.swift */,
				04FFEE2C2C631A6D0072229E /* Double.swift */,
			);
			path = Extensions;
			sourceTree = "<group>";
		};
		04FFEE192C62FEC70072229E /* Core */ = {
			isa = PBXGroup;
			children = (
				04FFEE1F2C6300CF0072229E /* Components */,
				04FFEE1A2C62FECD0072229E /* Home */,
			);
			path = Core;
			sourceTree = "<group>";
		};
		04FFEE1A2C62FECD0072229E /* Home */ = {
			isa = PBXGroup;
			children = (
				04FFEE1C2C62FEDC0072229E /* ViewModels */,
				04FFEE1B2C62FED70072229E /* Views */,
			);
			path = Home;
			sourceTree = "<group>";
		};
		04FFEE1B2C62FED70072229E /* Views */ = {
			isa = PBXGroup;
			children = (
				04FFEE1D2C62FEEE0072229E /* HomeView.swift */,
				04FFEE282C6316190072229E /* CoinRowView.swift */,
			);
			path = Views;
			sourceTree = "<group>";
		};
		04FFEE1C2C62FEDC0072229E /* ViewModels */ = {
			isa = PBXGroup;
			children = (
				04391AF02C640F48005A07D4 /* HomeViewModel.swift */,
			);
			path = ViewModels;
			sourceTree = "<group>";
		};
		04FFEE1F2C6300CF0072229E /* Components */ = {
			isa = PBXGroup;
			children = (
				04391AF82C64DE19005A07D4 /* CoinImage */,
				04FFEE202C6300E00072229E /* CircleBtn */,
			);
			path = Components;
			sourceTree = "<group>";
		};
		04FFEE202C6300E00072229E /* CircleBtn */ = {
			isa = PBXGroup;
			children = (
				04FFEE212C6300F20072229E /* CircleBtnView.swift */,
				04FFEE232C6307040072229E /* CircleBtnAnimationView.swift */,
			);
			path = CircleBtn;
			sourceTree = "<group>";
		};
		04FFEE252C63090D0072229E /* Models */ = {
			isa = PBXGroup;
			children = (
				04FFEE262C6309260072229E /* CoinModel.swift */,
			);
			path = Models;
			sourceTree = "<group>";
		};
/* End PBXGroup section */

/* Begin PBXNativeTarget section */
		04FFEE022C624F080072229E /* Crypto_info */ = {
			isa = PBXNativeTarget;
			buildConfigurationList = 04FFEE112C624F0C0072229E /* Build configuration list for PBXNativeTarget "Crypto_info" */;
			buildPhases = (
				04FFEDFF2C624F080072229E /* Sources */,
				04FFEE002C624F080072229E /* Frameworks */,
				04FFEE012C624F080072229E /* Resources */,
			);
			buildRules = (
			);
			dependencies = (
			);
			name = Crypto_info;
			productName = Crypto_info;
			productReference = 04FFEE032C624F080072229E /* Crypto_info.app */;
			productType = "com.apple.product-type.application";
		};
/* End PBXNativeTarget section */

/* Begin PBXProject section */
		04FFEDFB2C624F080072229E /* Project object */ = {
			isa = PBXProject;
			attributes = {
				BuildIndependentTargetsInParallel = 1;
				LastSwiftUpdateCheck = 1530;
				LastUpgradeCheck = 1530;
				TargetAttributes = {
					04FFEE022C624F080072229E = {
						CreatedOnToolsVersion = 15.3;
					};
				};
			};
			buildConfigurationList = 04FFEDFE2C624F080072229E /* Build configuration list for PBXProject "Crypto_info" */;
			compatibilityVersion = "Xcode 14.0";
			developmentRegion = en;
			hasScannedForEncodings = 0;
			knownRegions = (
				en,
				Base,
			);
			mainGroup = 04FFEDFA2C624F080072229E;
			productRefGroup = 04FFEE042C624F080072229E /* Products */;
			projectDirPath = "";
			projectRoot = "";
			targets = (
				04FFEE022C624F080072229E /* Crypto_info */,
			);
		};
/* End PBXProject section */

/* Begin PBXResourcesBuildPhase section */
		04FFEE012C624F080072229E /* Resources */ = {
			isa = PBXResourcesBuildPhase;
			buildActionMask = 2147483647;
			files = (
				04FFEE152C62513B0072229E /* Assets.xcassets in Resources */,
				04FFEE0E2C624F0C0072229E /* Preview Assets.xcassets in Resources */,
			);
			runOnlyForDeploymentPostprocessing = 0;
		};
/* End PBXResourcesBuildPhase section */

/* Begin PBXSourcesBuildPhase section */
		04FFEDFF2C624F080072229E /* Sources */ = {
			isa = PBXSourcesBuildPhase;
			buildActionMask = 2147483647;
			files = (
				04391AF42C6479A6005A07D4 /* CoinDataService.swift in Sources */,
				04FFEE292C6316190072229E /* CoinRowView.swift in Sources */,
				04391AF12C640F48005A07D4 /* HomeViewModel.swift in Sources */,
				04391AF72C649940005A07D4 /* NetworkManager.swift in Sources */,
				04391B002C64E94E005A07D4 /* LocalFileManager.swift in Sources */,
				04FFEE092C624F080072229E /* ContentView.swift in Sources */,
				04391AFA2C64DE2A005A07D4 /* CoinImageView.swift in Sources */,
				04FFEE1E2C62FEEE0072229E /* HomeView.swift in Sources */,
				04FFEE242C6307040072229E /* CircleBtnAnimationView.swift in Sources */,
				04FFEE182C62F86A0072229E /* Color_ext.swift in Sources */,
				04FFEE222C6300F20072229E /* CircleBtnView.swift in Sources */,
				04FFEE072C624F080072229E /* Crypto_infoApp.swift in Sources */,
				04391AFE2C64E0E7005A07D4 /* CoinImageViewModel.swift in Sources */,
				04FFEE2B2C6316530072229E /* PreviewProvider.swift in Sources */,
				04FFEE2D2C631A6D0072229E /* Double.swift in Sources */,
				04391AFC2C64DF0E005A07D4 /* CoinImageService.swift in Sources */,
				04FFEE272C6309260072229E /* CoinModel.swift in Sources */,
			);
			runOnlyForDeploymentPostprocessing = 0;
		};
/* End PBXSourcesBuildPhase section */

/* Begin XCBuildConfiguration section */
		04FFEE0F2C624F0C0072229E /* Debug */ = {
			isa = XCBuildConfiguration;
			buildSettings = {
				ALWAYS_SEARCH_USER_PATHS = NO;
				ASSETCATALOG_COMPILER_GENERATE_SWIFT_ASSET_SYMBOL_EXTENSIONS = YES;
				CLANG_ANALYZER_NONNULL = YES;
				CLANG_ANALYZER_NUMBER_OBJECT_CONVERSION = YES_AGGRESSIVE;
				CLANG_CXX_LANGUAGE_STANDARD = "gnu++20";
				CLANG_ENABLE_MODULES = YES;
				CLANG_ENABLE_OBJC_ARC = YES;
				CLANG_ENABLE_OBJC_WEAK = YES;
				CLANG_WARN_BLOCK_CAPTURE_AUTORELEASING = YES;
				CLANG_WARN_BOOL_CONVERSION = YES;
				CLANG_WARN_COMMA = YES;
				CLANG_WARN_CONSTANT_CONVERSION = YES;
				CLANG_WARN_DEPRECATED_OBJC_IMPLEMENTATIONS = YES;
				CLANG_WARN_DIRECT_OBJC_ISA_USAGE = YES_ERROR;
				CLANG_WARN_DOCUMENTATION_COMMENTS = YES;
				CLANG_WARN_EMPTY_BODY = YES;
				CLANG_WARN_ENUM_CONVERSION = YES;
				CLANG_WARN_INFINITE_RECURSION = YES;
				CLANG_WARN_INT_CONVERSION = YES;
				CLANG_WARN_NON_LITERAL_NULL_CONVERSION = YES;
				CLANG_WARN_OBJC_IMPLICIT_RETAIN_SELF = YES;
				CLANG_WARN_OBJC_LITERAL_CONVERSION = YES;
				CLANG_WARN_OBJC_ROOT_CLASS = YES_ERROR;
				CLANG_WARN_QUOTED_INCLUDE_IN_FRAMEWORK_HEADER = YES;
				CLANG_WARN_RANGE_LOOP_ANALYSIS = YES;
				CLANG_WARN_STRICT_PROTOTYPES = YES;
				CLANG_WARN_SUSPICIOUS_MOVE = YES;
				CLANG_WARN_UNGUARDED_AVAILABILITY = YES_AGGRESSIVE;
				CLANG_WARN_UNREACHABLE_CODE = YES;
				CLANG_WARN__DUPLICATE_METHOD_MATCH = YES;
				COPY_PHASE_STRIP = NO;
				DEBUG_INFORMATION_FORMAT = dwarf;
				ENABLE_STRICT_OBJC_MSGSEND = YES;
				ENABLE_TESTABILITY = YES;
				ENABLE_USER_SCRIPT_SANDBOXING = YES;
				GCC_C_LANGUAGE_STANDARD = gnu17;
				GCC_DYNAMIC_NO_PIC = NO;
				GCC_NO_COMMON_BLOCKS = YES;
				GCC_OPTIMIZATION_LEVEL = 0;
				GCC_PREPROCESSOR_DEFINITIONS = (
					"DEBUG=1",
					"$(inherited)",
				);
				GCC_WARN_64_TO_32_BIT_CONVERSION = YES;
				GCC_WARN_ABOUT_RETURN_TYPE = YES_ERROR;
				GCC_WARN_UNDECLARED_SELECTOR = YES;
				GCC_WARN_UNINITIALIZED_AUTOS = YES_AGGRESSIVE;
				GCC_WARN_UNUSED_FUNCTION = YES;
				GCC_WARN_UNUSED_VARIABLE = YES;
				IPHONEOS_DEPLOYMENT_TARGET = 17.4;
				LOCALIZATION_PREFERS_STRING_CATALOGS = YES;
				MTL_ENABLE_DEBUG_INFO = INCLUDE_SOURCE;
				MTL_FAST_MATH = YES;
				ONLY_ACTIVE_ARCH = YES;
				SDKROOT = iphoneos;
				SWIFT_ACTIVE_COMPILATION_CONDITIONS = "DEBUG $(inherited)";
				SWIFT_OPTIMIZATION_LEVEL = "-Onone";
			};
			name = Debug;
		};
		04FFEE102C624F0C0072229E /* Release */ = {
			isa = XCBuildConfiguration;
			buildSettings = {
				ALWAYS_SEARCH_USER_PATHS = NO;
				ASSETCATALOG_COMPILER_GENERATE_SWIFT_ASSET_SYMBOL_EXTENSIONS = YES;
				CLANG_ANALYZER_NONNULL = YES;
				CLANG_ANALYZER_NUMBER_OBJECT_CONVERSION = YES_AGGRESSIVE;
				CLANG_CXX_LANGUAGE_STANDARD = "gnu++20";
				CLANG_ENABLE_MODULES = YES;
				CLANG_ENABLE_OBJC_ARC = YES;
				CLANG_ENABLE_OBJC_WEAK = YES;
				CLANG_WARN_BLOCK_CAPTURE_AUTORELEASING = YES;
				CLANG_WARN_BOOL_CONVERSION = YES;
				CLANG_WARN_COMMA = YES;
				CLANG_WARN_CONSTANT_CONVERSION = YES;
				CLANG_WARN_DEPRECATED_OBJC_IMPLEMENTATIONS = YES;
				CLANG_WARN_DIRECT_OBJC_ISA_USAGE = YES_ERROR;
				CLANG_WARN_DOCUMENTATION_COMMENTS = YES;
				CLANG_WARN_EMPTY_BODY = YES;
				CLANG_WARN_ENUM_CONVERSION = YES;
				CLANG_WARN_INFINITE_RECURSION = YES;
				CLANG_WARN_INT_CONVERSION = YES;
				CLANG_WARN_NON_LITERAL_NULL_CONVERSION = YES;
				CLANG_WARN_OBJC_IMPLICIT_RETAIN_SELF = YES;
				CLANG_WARN_OBJC_LITERAL_CONVERSION = YES;
				CLANG_WARN_OBJC_ROOT_CLASS = YES_ERROR;
				CLANG_WARN_QUOTED_INCLUDE_IN_FRAMEWORK_HEADER = YES;
				CLANG_WARN_RANGE_LOOP_ANALYSIS = YES;
				CLANG_WARN_STRICT_PROTOTYPES = YES;
				CLANG_WARN_SUSPICIOUS_MOVE = YES;
				CLANG_WARN_UNGUARDED_AVAILABILITY = YES_AGGRESSIVE;
				CLANG_WARN_UNREACHABLE_CODE = YES;
				CLANG_WARN__DUPLICATE_METHOD_MATCH = YES;
				COPY_PHASE_STRIP = NO;
				DEBUG_INFORMATION_FORMAT = "dwarf-with-dsym";
				ENABLE_NS_ASSERTIONS = NO;
				ENABLE_STRICT_OBJC_MSGSEND = YES;
				ENABLE_USER_SCRIPT_SANDBOXING = YES;
				GCC_C_LANGUAGE_STANDARD = gnu17;
				GCC_NO_COMMON_BLOCKS = YES;
				GCC_WARN_64_TO_32_BIT_CONVERSION = YES;
				GCC_WARN_ABOUT_RETURN_TYPE = YES_ERROR;
				GCC_WARN_UNDECLARED_SELECTOR = YES;
				GCC_WARN_UNINITIALIZED_AUTOS = YES_AGGRESSIVE;
				GCC_WARN_UNUSED_FUNCTION = YES;
				GCC_WARN_UNUSED_VARIABLE = YES;
				IPHONEOS_DEPLOYMENT_TARGET = 17.4;
				LOCALIZATION_PREFERS_STRING_CATALOGS = YES;
				MTL_ENABLE_DEBUG_INFO = NO;
				MTL_FAST_MATH = YES;
				SDKROOT = iphoneos;
				SWIFT_COMPILATION_MODE = wholemodule;
				VALIDATE_PRODUCT = YES;
			};
			name = Release;
		};
		04FFEE122C624F0C0072229E /* Debug */ = {
			isa = XCBuildConfiguration;
			buildSettings = {
				ASSETCATALOG_COMPILER_APPICON_NAME = AppIcon;
				ASSETCATALOG_COMPILER_GLOBAL_ACCENT_COLOR_NAME = AccentColor;
				CODE_SIGN_STYLE = Automatic;
				CURRENT_PROJECT_VERSION = 1;
				DEVELOPMENT_ASSET_PATHS = "\"Crypto_info/Preview Content\"";
				DEVELOPMENT_TEAM = 3X952GP295;
				ENABLE_PREVIEWS = YES;
				GENERATE_INFOPLIST_FILE = YES;
				INFOPLIST_KEY_CFBundleDisplayName = "Crypto Info";
				INFOPLIST_KEY_LSApplicationCategoryType = "public.app-category.lifestyle";
				INFOPLIST_KEY_UIApplicationSceneManifest_Generation = YES;
				INFOPLIST_KEY_UIApplicationSupportsIndirectInputEvents = YES;
				INFOPLIST_KEY_UILaunchScreen_Generation = YES;
				INFOPLIST_KEY_UISupportedInterfaceOrientations = UIInterfaceOrientationPortrait;
				INFOPLIST_KEY_UISupportedInterfaceOrientations_iPad = "UIInterfaceOrientationLandscapeLeft UIInterfaceOrientationLandscapeRight UIInterfaceOrientationPortrait UIInterfaceOrientationPortraitUpsideDown";
				LD_RUNPATH_SEARCH_PATHS = (
					"$(inherited)",
					"@executable_path/Frameworks",
				);
				MARKETING_VERSION = 1.0;
				PRODUCT_BUNDLE_IDENTIFIER = "app.netlify.gikwegbu.Crypto-info";
				PRODUCT_NAME = "$(TARGET_NAME)";
				SWIFT_EMIT_LOC_STRINGS = YES;
				SWIFT_VERSION = 5.0;
				TARGETED_DEVICE_FAMILY = "1,2";
			};
			name = Debug;
		};
		04FFEE132C624F0C0072229E /* Release */ = {
			isa = XCBuildConfiguration;
			buildSettings = {
				ASSETCATALOG_COMPILER_APPICON_NAME = AppIcon;
				ASSETCATALOG_COMPILER_GLOBAL_ACCENT_COLOR_NAME = AccentColor;
				CODE_SIGN_STYLE = Automatic;
				CURRENT_PROJECT_VERSION = 1;
				DEVELOPMENT_ASSET_PATHS = "\"Crypto_info/Preview Content\"";
				DEVELOPMENT_TEAM = 3X952GP295;
				ENABLE_PREVIEWS = YES;
				GENERATE_INFOPLIST_FILE = YES;
				INFOPLIST_KEY_CFBundleDisplayName = "Crypto Info";
				INFOPLIST_KEY_LSApplicationCategoryType = "public.app-category.lifestyle";
				INFOPLIST_KEY_UIApplicationSceneManifest_Generation = YES;
				INFOPLIST_KEY_UIApplicationSupportsIndirectInputEvents = YES;
				INFOPLIST_KEY_UILaunchScreen_Generation = YES;
				INFOPLIST_KEY_UISupportedInterfaceOrientations = UIInterfaceOrientationPortrait;
				INFOPLIST_KEY_UISupportedInterfaceOrientations_iPad = "UIInterfaceOrientationLandscapeLeft UIInterfaceOrientationLandscapeRight UIInterfaceOrientationPortrait UIInterfaceOrientationPortraitUpsideDown";
				LD_RUNPATH_SEARCH_PATHS = (
					"$(inherited)",
					"@executable_path/Frameworks",
				);
				MARKETING_VERSION = 1.0;
				PRODUCT_BUNDLE_IDENTIFIER = "app.netlify.gikwegbu.Crypto-info";
				PRODUCT_NAME = "$(TARGET_NAME)";
				SWIFT_EMIT_LOC_STRINGS = YES;
				SWIFT_VERSION = 5.0;
				TARGETED_DEVICE_FAMILY = "1,2";
			};
			name = Release;
		};
/* End XCBuildConfiguration section */

/* Begin XCConfigurationList section */
		04FFEDFE2C624F080072229E /* Build configuration list for PBXProject "Crypto_info" */ = {
			isa = XCConfigurationList;
			buildConfigurations = (
				04FFEE0F2C624F0C0072229E /* Debug */,
				04FFEE102C624F0C0072229E /* Release */,
			);
			defaultConfigurationIsVisible = 0;
			defaultConfigurationName = Release;
		};
		04FFEE112C624F0C0072229E /* Build configuration list for PBXNativeTarget "Crypto_info" */ = {
			isa = XCConfigurationList;
			buildConfigurations = (
				04FFEE122C624F0C0072229E /* Debug */,
				04FFEE132C624F0C0072229E /* Release */,
			);
			defaultConfigurationIsVisible = 0;
			defaultConfigurationName = Release;
		};
/* End XCConfigurationList section */
	};
	rootObject = 04FFEDFB2C624F080072229E /* Project object */;
}
